# This file is automatically @generated by Cargo.
# It is not intended for manual editing.
[[package]]
name = "cstr_core"
version = "0.1.2"
source = "registry+https://github.com/rust-lang/crates.io-index"
dependencies = [
 "cty 0.1.5 (registry+https://github.com/rust-lang/crates.io-index)",
 "memchr 2.2.1 (registry+https://github.com/rust-lang/crates.io-index)",
]

[[package]]
name = "cty"
version = "0.1.5"
source = "registry+https://github.com/rust-lang/crates.io-index"

[[package]]
name = "klee-examples"
version = "0.1.0"
dependencies = [
 "klee-sys 0.1.0",
 "panic-halt 0.2.0 (registry+https://github.com/rust-lang/crates.io-index)",
]

[[package]]
name = "klee-sys"
version = "0.1.0"
dependencies = [
 "cstr_core 0.1.2 (registry+https://github.com/rust-lang/crates.io-index)",
]

[[package]]
name = "memchr"
version = "2.2.1"
source = "registry+https://github.com/rust-lang/crates.io-index"

[[package]]
name = "panic-halt"
version = "0.2.0"
source = "registry+https://github.com/rust-lang/crates.io-index"

[metadata]
"checksum cstr_core 0.1.2 (registry+https://github.com/rust-lang/crates.io-index)" = "6ebe7158ee57e848621d24d0ed87910edb97639cb94ad9977edf440e31226035"
"checksum cty 0.1.5 (registry+https://github.com/rust-lang/crates.io-index)" = "c4e1d41c471573612df00397113557693b5bf5909666a8acb253930612b93312"
"checksum memchr 2.2.1 (registry+https://github.com/rust-lang/crates.io-index)" = "88579771288728879b57485cc7d6b07d648c9f0141eb955f8ab7f9d45394468e"
"checksum panic-halt 0.2.0 (registry+https://github.com/rust-lang/crates.io-index)" = "de96540e0ebde571dc55c73d60ef407c653844e6f9a1e2fdbd40c07b9252d812"
